
Microsoft Visual Studio Solution File, Format Version 12.00
Project("{FAE04EC0-301F-11D3-BF4B-00C04F79EFBC}") = "SitnikovaPreliminaryDesign", "SitnikovaPreliminaryDesign\SitnikovaPreliminaryDesign.csproj", "{1971F371-BC4F-4C1F-87D3-29E8414BECFB}"
EndProject
Global
	GlobalSection(SolutionConfigurationPlatforms) = preSolution
		Debug|Any CPU = Debug|Any CPU
		Release|Any CPU = Release|Any CPU
	EndGlobalSection
	GlobalSection(ProjectConfigurationPlatforms) = postSolution
		{1971F371-BC4F-4C1F-87D3-29E8414BECFB}.Debug|Any CPU.ActiveCfg = Debug|Any CPU
		{1971F371-BC4F-4C1F-87D3-29E8414BECFB}.Debug|Any CPU.Build.0 = Debug|Any CPU
		{1971F371-BC4F-4C1F-87D3-29E8414BECFB}.Release|Any CPU.ActiveCfg = Release|Any CPU
		{1971F371-BC4F-4C1F-87D3-29E8414BECFB}.Release|Any CPU.Build.0 = Release|Any CPU
	EndGlobalSection
EndGlobal
